
Microsoft Visual Studio Solution File, Format Version 12.00
# Visual Studio Version 16
VisualStudioVersion = 16.0.31129.286
MinimumVisualStudioVersion = 10.0.40219.1
Project("{888888A0-9F3D-457C-B088-3A5042F75D52}") = "PythonApplication1", "PythonApplication1\PythonApplication1.pyproj", "{764A0F9E-3A79-43C4-A8FC-D7314C6FB415}"
EndProject
Global
	GlobalSection(SolutionConfigurationPlatforms) = preSolution
		Debug|Any CPU = Debug|Any CPU
		Release|Any CPU = Release|Any CPU
	EndGlobalSection
	GlobalSection(ProjectConfigurationPlatforms) = postSolution
		{764A0F9E-3A79-43C4-A8FC-D7314C6FB415}.Debug|Any CPU.ActiveCfg = Debug|Any CPU
		{764A0F9E-3A79-43C4-A8FC-D7314C6FB415}.Release|Any CPU.ActiveCfg = Release|Any CPU
	EndGlobalSection
	GlobalSection(SolutionProperties) = preSolution
		HideSolutionNode = FALSE
	EndGlobalSection
	GlobalSection(ExtensibilityGlobals) = postSolution
		SolutionGuid = {EE9E7E08-F78E-4A0F-8943-7DF9DE8CAE77}
	EndGlobalSection
EndGlobal
